
Microsoft Visual Studio Solution File, Format Version 12.00
# Visual Studio Version 16
VisualStudioVersion = 16.0.29411.108
MinimumVisualStudioVersion = 10.0.40219.1
Project("{9A19103F-16F7-4668-BE54-9A1E7A4F7556}") = "Alexa.NET.SkillFlow.Interpreter", "Alexa.NET.SkillFlow.Interpreter\Alexa.NET.SkillFlow.Interpreter.csproj", "{5AB59B9E-72A8-4C58-9726-0AB9CAC67977}"
EndProject
Project("{FAE04EC0-301F-11D3-BF4B-00C04F79EFBC}") = "Alexa.NET.SkillFlow.Interpreter.Tests", "Alexa.NET.SkillFlow.Interpreter.Tests\Alexa.NET.SkillFlow.Interpreter.Tests.csproj", "{58A7C950-2513-4FDE-8D78-E21065E8F53D}"
EndProject
Global
	GlobalSection(SolutionConfigurationPlatforms) = preSolution
		Debug|Any CPU = Debug|Any CPU
		Release|Any CPU = Release|Any CPU
	EndGlobalSection
	GlobalSection(ProjectConfigurationPlatforms) = postSolution
		{5AB59B9E-72A8-4C58-9726-0AB9CAC67977}.Debug|Any CPU.ActiveCfg = Debug|Any CPU
		{5AB59B9E-72A8-4C58-9726-0AB9CAC67977}.Debug|Any CPU.Build.0 = Debug|Any CPU
		{5AB59B9E-72A8-4C58-9726-0AB9CAC67977}.Release|Any CPU.ActiveCfg = Release|Any CPU
		{5AB59B9E-72A8-4C58-9726-0AB9CAC67977}.Release|Any CPU.Build.0 = Release|Any CPU
		{58A7C950-2513-4FDE-8D78-E21065E8F53D}.Debug|Any CPU.ActiveCfg = Debug|Any CPU
		{58A7C950-2513-4FDE-8D78-E21065E8F53D}.Debug|Any CPU.Build.0 = Debug|Any CPU
		{58A7C950-2513-4FDE-8D78-E21065E8F53D}.Release|Any CPU.ActiveCfg = Release|Any CPU
		{58A7C950-2513-4FDE-8D78-E21065E8F53D}.Release|Any CPU.Build.0 = Release|Any CPU
	EndGlobalSection
	GlobalSection(SolutionProperties) = preSolution
		HideSolutionNode = FALSE
	EndGlobalSection
	GlobalSection(ExtensibilityGlobals) = postSolution
		SolutionGuid = {FE9C920C-A430-43D9-9AFB-696D5A535EE2}
	EndGlobalSection
EndGlobal
